
Microsoft Visual Studio Solution File, Format Version 12.00
# Visual Studio 15
VisualStudioVersion = 15.0.28307.421
MinimumVisualStudioVersion = 10.0.40219.1
Project("{FAE04EC0-301F-11D3-BF4B-00C04F79EFBC}") = "NoteManager.Android", "NoteManager\NoteManager.Android\NoteManager.Android.csproj", "{18F4DE7F-1179-4795-A9C1-9F06660EA426}"
EndProject
Project("{FAE04EC0-301F-11D3-BF4B-00C04F79EFBC}") = "NoteManager.iOS", "NoteManager\NoteManager.iOS\NoteManager.iOS.csproj", "{CA0C6B19-5A0C-4B9C-84BB-A8FBA04FE07D}"
EndProject
Project("{FAE04EC0-301F-11D3-BF4B-00C04F79EFBC}") = "NoteManager", "NoteManager\NoteManager\NoteManager.csproj", "{25C82F78-C854-4438-9CA7-9CE75458AF75}"
EndProject
Global
	GlobalSection(SolutionConfigurationPlatforms) = preSolution
		Ad-Hoc|Any CPU = Ad-Hoc|Any CPU
		Ad-Hoc|iPhone = Ad-Hoc|iPhone
		Ad-Hoc|iPhoneSimulator = Ad-Hoc|iPhoneSimulator
		AppStore|Any CPU = AppStore|Any CPU
		AppStore|iPhone = AppStore|iPhone
		AppStore|iPhoneSimulator = AppStore|iPhoneSimulator
		Debug|Any CPU = Debug|Any CPU
		Debug|iPhone = Debug|iPhone
		Debug|iPhoneSimulator = Debug|iPhoneSimulator
		Release|Any CPU = Release|Any CPU
		Release|iPhone = Release|iPhone
		Release|iPhoneSimulator = Release|iPhoneSimulator
	EndGlobalSection
	GlobalSection(ProjectConfigurationPlatforms) = postSolution
		{18F4DE7F-1179-4795-A9C1-9F06660EA426}.Ad-Hoc|Any CPU.ActiveCfg = Release|Any CPU
		{18F4DE7F-1179-4795-A9C1-9F06660EA426}.Ad-Hoc|Any CPU.Build.0 = Release|Any CPU
		{18F4DE7F-1179-4795-A9C1-9F06660EA426}.Ad-Hoc|Any CPU.Deploy.0 = Release|Any CPU
		{18F4DE7F-1179-4795-A9C1-9F06660EA426}.Ad-Hoc|iPhone.ActiveCfg = Release|Any CPU
		{18F4DE7F-1179-4795-A9C1-9F06660EA426}.Ad-Hoc|iPhone.Build.0 = Release|Any CPU
		{18F4DE7F-1179-4795-A9C1-9F06660EA426}.Ad-Hoc|iPhone.Deploy.0 = Release|Any CPU
		{18F4DE7F-1179-4795-A9C1-9F06660EA426}.Ad-Hoc|iPhoneSimulator.ActiveCfg = Release|Any CPU
		{18F4DE7F-1179-4795-A9C1-9F06660EA426}.Ad-Hoc|iPhoneSimulator.Build.0 = Release|Any CPU
		{18F4DE7F-1179-4795-A9C1-9F06660EA426}.Ad-Hoc|iPhoneSimulator.Deploy.0 = Release|Any CPU
		{18F4DE7F-1179-4795-A9C1-9F06660EA426}.AppStore|Any CPU.ActiveCfg = Release|Any CPU
		{18F4DE7F-1179-4795-A9C1-9F06660EA426}.AppStore|Any CPU.Build.0 = Release|Any CPU
		{18F4DE7F-1179-4795-A9C1-9F06660EA426}.AppStore|Any CPU.Deploy.0 = Release|Any CPU
		{18F4DE7F-1179-4795-A9C1-9F06660EA426}.AppStore|iPhone.ActiveCfg = Release|Any CPU
		{18F4DE7F-1179-4795-A9C1-9F06660EA426}.AppStore|iPhone.Build.0 = Release|Any CPU
		{18F4DE7F-1179-4795-A9C1-9F06660EA426}.AppStore|iPhone.Deploy.0 = Release|Any CPU
		{18F4DE7F-1179-4795-A9C1-9F06660EA426}.AppStore|iPhoneSimulator.ActiveCfg = Release|Any CPU
		{18F4DE7F-1179-4795-A9C1-9F06660EA426}.AppStore|iPhoneSimulator.Build.0 = Release|Any CPU
		{18F4DE7F-1179-4795-A9C1-9F06660EA426}.AppStore|iPhoneSimulator.Deploy.0 = Release|Any CPU
		{18F4DE7F-1179-4795-A9C1-9F06660EA426}.Debug|Any CPU.ActiveCfg = Debug|Any CPU
		{18F4DE7F-1179-4795-A9C1-9F06660EA426}.Debug|Any CPU.Build.0 = Debug|Any CPU
		{18F4DE7F-1179-4795-A9C1-9F06660EA426}.Debug|Any CPU.Deploy.0 = Debug|Any CPU
		{18F4DE7F-1179-4795-A9C1-9F06660EA426}.Debug|iPhone.ActiveCfg = Debug|Any CPU
		{18F4DE7F-1179-4795-A9C1-9F06660EA426}.Debug|iPhone.Build.0 = Debug|Any CPU
		{18F4DE7F-1179-4795-A9C1-9F06660EA426}.Debug|iPhone.Deploy.0 = Debug|Any CPU
		{18F4DE7F-1179-4795-A9C1-9F06660EA426}.Debug|iPhoneSimulator.ActiveCfg = Debug|Any CPU
		{18F4DE7F-1179-4795-A9C1-9F06660EA426}.Debug|iPhoneSimulator.Build.0 = Debug|Any CPU
		{18F4DE7F-1179-4795-A9C1-9F06660EA426}.Debug|iPhoneSimulator.Deploy.0 = Debug|Any CPU
		{18F4DE7F-1179-4795-A9C1-9F06660EA426}.Release|Any CPU.ActiveCfg = Release|Any CPU
		{18F4DE7F-1179-4795-A9C1-9F06660EA426}.Release|Any CPU.Build.0 = Release|Any CPU
		{18F4DE7F-1179-4795-A9C1-9F06660EA426}.Release|Any CPU.Deploy.0 = Release|Any CPU
		{18F4DE7F-1179-4795-A9C1-9F06660EA426}.Release|iPhone.ActiveCfg = Release|Any CPU
		{18F4DE7F-1179-4795-A9C1-9F06660EA426}.Release|iPhone.Build.0 = Release|Any CPU
		{18F4DE7F-1179-4795-A9C1-9F06660EA426}.Release|iPhone.Deploy.0 = Release|Any CPU
		{18F4DE7F-1179-4795-A9C1-9F06660EA426}.Release|iPhoneSimulator.ActiveCfg = Release|Any CPU
		{18F4DE7F-1179-4795-A9C1-9F06660EA426}.Release|iPhoneSimulator.Build.0 = Release|Any CPU
		{18F4DE7F-1179-4795-A9C1-9F06660EA426}.Release|iPhoneSimulator.Deploy.0 = Release|Any CPU
		{CA0C6B19-5A0C-4B9C-84BB-A8FBA04FE07D}.Ad-Hoc|Any CPU.ActiveCfg = Ad-Hoc|iPhone
		{CA0C6B19-5A0C-4B9C-84BB-A8FBA04FE07D}.Ad-Hoc|Any CPU.Build.0 = Ad-Hoc|iPhone
		{CA0C6B19-5A0C-4B9C-84BB-A8FBA04FE07D}.Ad-Hoc|Any CPU.Deploy.0 = Ad-Hoc|iPhone
		{CA0C6B19-5A0C-4B9C-84BB-A8FBA04FE07D}.Ad-Hoc|iPhone.ActiveCfg = Ad-Hoc|iPhone
		{CA0C6B19-5A0C-4B9C-84BB-A8FBA04FE07D}.Ad-Hoc|iPhone.Build.0 = Ad-Hoc|iPhone
		{CA0C6B19-5A0C-4B9C-84BB-A8FBA04FE07D}.Ad-Hoc|iPhone.Deploy.0 = Ad-Hoc|iPhone
		{CA0C6B19-5A0C-4B9C-84BB-A8FBA04FE07D}.Ad-Hoc|iPhoneSimulator.ActiveCfg = Ad-Hoc|iPhoneSimulator
		{CA0C6B19-5A0C-4B9C-84BB-A8FBA04FE07D}.Ad-Hoc|iPhoneSimulator.Build.0 = Ad-Hoc|iPhoneSimulator
		{CA0C6B19-5A0C-4B9C-84BB-A8FBA04FE07D}.Ad-Hoc|iPhoneSimulator.Deploy.0 = Ad-Hoc|iPhoneSimulator
		{CA0C6B19-5A0C-4B9C-84BB-A8FBA04FE07D}.AppStore|Any CPU.ActiveCfg = AppStore|iPhone
		{CA0C6B19-5A0C-4B9C-84BB-A8FBA04FE07D}.AppStore|Any CPU.Build.0 = AppStore|iPhone
		{CA0C6B19-5A0C-4B9C-84BB-A8FBA04FE07D}.AppStore|Any CPU.Deploy.0 = AppStore|iPhone
		{CA0C6B19-5A0C-4B9C-84BB-A8FBA04FE07D}.AppStore|iPhone.ActiveCfg = AppStore|iPhone
		{CA0C6B19-5A0C-4B9C-84BB-A8FBA04FE07D}.AppStore|iPhone.Build.0 = AppStore|iPhone
		{CA0C6B19-5A0C-4B9C-84BB-A8FBA04FE07D}.AppStore|iPhone.Deploy.0 = AppStore|iPhone
		{CA0C6B19-5A0C-4B9C-84BB-A8FBA04FE07D}.AppStore|iPhoneSimulator.ActiveCfg = AppStore|iPhoneSimulator
		{CA0C6B19-5A0C-4B9C-84BB-A8FBA04FE07D}.AppStore|iPhoneSimulator.Build.0 = AppStore|iPhoneSimulator
		{CA0C6B19-5A0C-4B9C-84BB-A8FBA04FE07D}.AppStore|iPhoneSimulator.Deploy.0 = AppStore|iPhoneSimulator
		{CA0C6B19-5A0C-4B9C-84BB-A8FBA04FE07D}.Debug|Any CPU.ActiveCfg = Debug|iPhoneSimulator
		{CA0C6B19-5A0C-4B9C-84BB-A8FBA04FE07D}.Debug|Any CPU.Build.0 = Debug|iPhoneSimulator
		{CA0C6B19-5A0C-4B9C-84BB-A8FBA04FE07D}.Debug|Any CPU.Deploy.0 = Debug|iPhoneSimulator
		{CA0C6B19-5A0C-4B9C-84BB-A8FBA04FE07D}.Debug|iPhone.ActiveCfg = Debug|iPhone
		{CA0C6B19-5A0C-4B9C-84BB-A8FBA04FE07D}.Debug|iPhone.Build.0 = Debug|iPhone
		{CA0C6B19-5A0C-4B9C-84BB-A8FBA04FE07D}.Debug|iPhone.Deploy.0 = Debug|iPhone
		{CA0C6B19-5A0C-4B9C-84BB-A8FBA04FE07D}.Debug|iPhoneSimulator.ActiveCfg = Debug|iPhoneSimulator
		{CA0C6B19-5A0C-4B9C-84BB-A8FBA04FE07D}.Debug|iPhoneSimulator.Build.0 = Debug|iPhoneSimulator
		{CA0C6B19-5A0C-4B9C-84BB-A8FBA04FE07D}.Debug|iPhoneSimulator.Deploy.0 = Debug|iPhoneSimulator
		{CA0C6B19-5A0C-4B9C-84BB-A8FBA04FE07D}.Release|Any CPU.ActiveCfg = Release|iPhone
		{CA0C6B19-5A0C-4B9C-84BB-A8FBA04FE07D}.Release|Any CPU.Build.0 = Release|iPhone
		{CA0C6B19-5A0C-4B9C-84BB-A8FBA04FE07D}.Release|Any CPU.Deploy.0 = Release|iPhone
		{CA0C6B19-5A0C-4B9C-84BB-A8FBA04FE07D}.Release|iPhone.ActiveCfg = Release|iPhone
		{CA0C6B19-5A0C-4B9C-84BB-A8FBA04FE07D}.Release|iPhone.Build.0 = Release|iPhone
		{CA0C6B19-5A0C-4B9C-84BB-A8FBA04FE07D}.Release|iPhone.Deploy.0 = Release|iPhone
		{CA0C6B19-5A0C-4B9C-84BB-A8FBA04FE07D}.Release|iPhoneSimulator.ActiveCfg = Release|iPhoneSimulator
		{CA0C6B19-5A0C-4B9C-84BB-A8FBA04FE07D}.Release|iPhoneSimulator.Build.0 = Release|iPhoneSimulator
		{CA0C6B19-5A0C-4B9C-84BB-A8FBA04FE07D}.Release|iPhoneSimulator.Deploy.0 = Release|iPhoneSimulator
		{25C82F78-C854-4438-9CA7-9CE75458AF75}.Ad-Hoc|Any CPU.ActiveCfg = Debug|Any CPU
		{25C82F78-C854-4438-9CA7-9CE75458AF75}.Ad-Hoc|Any CPU.Build.0 = Debug|Any CPU
		{25C82F78-C854-4438-9CA7-9CE75458AF75}.Ad-Hoc|Any CPU.Deploy.0 = Debug|Any CPU
		{25C82F78-C854-4438-9CA7-9CE75458AF75}.Ad-Hoc|iPhone.ActiveCfg = Debug|Any CPU
		{25C82F78-C854-4438-9CA7-9CE75458AF75}.Ad-Hoc|iPhone.Build.0 = Debug|Any CPU
		{25C82F78-C854-4438-9CA7-9CE75458AF75}.Ad-Hoc|iPhone.Deploy.0 = Debug|Any CPU
		{25C82F78-C854-4438-9CA7-9CE75458AF75}.Ad-Hoc|iPhoneSimulator.ActiveCfg = Debug|Any CPU
		{25C82F78-C854-4438-9CA7-9CE75458AF75}.Ad-Hoc|iPhoneSimulator.Build.0 = Debug|Any CPU
		{25C82F78-C854-4438-9CA7-9CE75458AF75}.Ad-Hoc|iPhoneSimulator.Deploy.0 = Debug|Any CPU
		{25C82F78-C854-4438-9CA7-9CE75458AF75}.AppStore|Any CPU.ActiveCfg = Debug|Any CPU
		{25C82F78-C854-4438-9CA7-9CE75458AF75}.AppStore|Any CPU.Build.0 = Debug|Any CPU
		{25C82F78-C854-4438-9CA7-9CE75458AF75}.AppStore|Any CPU.Deploy.0 = Debug|Any CPU
		{25C82F78-C854-4438-9CA7-9CE75458AF75}.AppStore|iPhone.ActiveCfg = Debug|Any CPU
		{25C82F78-C854-4438-9CA7-9CE75458AF75}.AppStore|iPhone.Build.0 = Debug|Any CPU
		{25C82F78-C854-4438-9CA7-9CE75458AF75}.AppStore|iPhone.Deploy.0 = Debug|Any CPU
		{25C82F78-C854-4438-9CA7-9CE75458AF75}.AppStore|iPhoneSimulator.ActiveCfg = Debug|Any CPU
		{25C82F78-C854-4438-9CA7-9CE75458AF75}.AppStore|iPhoneSimulator.Build.0 = Debug|Any CPU
		{25C82F78-C854-4438-9CA7-9CE75458AF75}.AppStore|iPhoneSimulator.Deploy.0 = Debug|Any CPU
		{25C82F78-C854-4438-9CA7-9CE75458AF75}.Debug|Any CPU.ActiveCfg = Debug|Any CPU
		{25C82F78-C854-4438-9CA7-9CE75458AF75}.Debug|Any CPU.Build.0 = Debug|Any CPU
		{25C82F78-C854-4438-9CA7-9CE75458AF75}.Debug|Any CPU.Deploy.0 = Debug|Any CPU
		{25C82F78-C854-4438-9CA7-9CE75458AF75}.Debug|iPhone.ActiveCfg = Debug|Any CPU
		{25C82F78-C854-4438-9CA7-9CE75458AF75}.Debug|iPhone.Build.0 = Debug|Any CPU
		{25C82F78-C854-4438-9CA7-9CE75458AF75}.Debug|iPhone.Deploy.0 = Debug|Any CPU
		{25C82F78-C854-4438-9CA7-9CE75458AF75}.Debug|iPhoneSimulator.ActiveCfg = Debug|Any CPU
		{25C82F78-C854-4438-9CA7-9CE75458AF75}.Debug|iPhoneSimulator.Build.0 = Debug|Any CPU
		{25C82F78-C854-4438-9CA7-9CE75458AF75}.Debug|iPhoneSimulator.Deploy.0 = Debug|Any CPU
		{25C82F78-C854-4438-9CA7-9CE75458AF75}.Release|Any CPU.ActiveCfg = Release|Any CPU
		{25C82F78-C854-4438-9CA7-9CE75458AF75}.Release|Any CPU.Build.0 = Release|Any CPU
		{25C82F78-C854-4438-9CA7-9CE75458AF75}.Release|Any CPU.Deploy.0 = Release|Any CPU
		{25C82F78-C854-4438-9CA7-9CE75458AF75}.Release|iPhone.ActiveCfg = Release|Any CPU
		{25C82F78-C854-4438-9CA7-9CE75458AF75}.Release|iPhone.Build.0 = Release|Any CPU
		{25C82F78-C854-4438-9CA7-9CE75458AF75}.Release|iPhone.Deploy.0 = Release|Any CPU
		{25C82F78-C854-4438-9CA7-9CE75458AF75}.Release|iPhoneSimulator.ActiveCfg = Release|Any CPU
		{25C82F78-C854-4438-9CA7-9CE75458AF75}.Release|iPhoneSimulator.Build.0 = Release|Any CPU
		{25C82F78-C854-4438-9CA7-9CE75458AF75}.Release|iPhoneSimulator.Deploy.0 = Release|Any CPU
	EndGlobalSection
	GlobalSection(SolutionProperties) = preSolution
		HideSolutionNode = FALSE
	EndGlobalSection
	GlobalSection(ExtensibilityGlobals) = postSolution
		SolutionGuid = {4A32F434-0F5A-43F8-A372-ABA3457DE025}
	EndGlobalSection
EndGlobal
